
Microsoft Visual Studio Solution File, Format Version 12.00
# Visual Studio Version 17
VisualStudioVersion = 17.0.32014.148
MinimumVisualStudioVersion = 10.0.40219.1
Project("{9A19103F-16F7-4668-BE54-9A1E7A4F7556}") = "XenoAtom.Allocators", "XenoAtom.Allocators\XenoAtom.Allocators.csproj", "{C92E96F5-8AAB-4FBF-A9EF-5841981BD53D}"
EndProject
Project("{9A19103F-16F7-4668-BE54-9A1E7A4F7556}") = "XenoAtom.Allocators.Tests", "XenoAtom.Allocators.Tests\XenoAtom.Allocators.Tests.csproj", "{2FBFC432-1169-49EB-8894-1C58B79903E1}"
EndProject
Project("{2150E333-8FDC-42A3-9474-1A3956D46DE8}") = "00-General", "00-General", "{BBC4B16D-083F-47E6-BFAE-9064E600F230}"
	ProjectSection(SolutionItems) = preProject
		..\.editorconfig = ..\.editorconfig
		..\.gitattributes = ..\.gitattributes
		..\.gitignore = ..\.gitignore
		..\.github\workflows\ci.yml = ..\.github\workflows\ci.yml
		dotnet-releaser.toml = dotnet-releaser.toml
		global.json = global.json
		..\license.txt = ..\license.txt
		..\readme.md = ..\readme.md
		Directory.Build.props = Directory.Build.props
	EndProjectSection
EndProject
Project("{2150E333-8FDC-42A3-9474-1A3956D46DE8}") = "01-Documentation", "01-Documentation", "{0C574DCF-D302-4F79-8C53-5BE9B674483C}"
	ProjectSection(SolutionItems) = preProject
		..\doc\readme.md = ..\doc\readme.md
	EndProjectSection
EndProject
Project("{FAE04EC0-301F-11D3-BF4B-00C04F79EFBC}") = "XenoAtom.Allocators.Bench", "XenoAtom.Allocators.Bench\XenoAtom.Allocators.Bench.csproj", "{02905B30-4E70-4370-B422-EB066E4AA000}"
EndProject
Global
	GlobalSection(SolutionConfigurationPlatforms) = preSolution
		Debug|Any CPU = Debug|Any CPU
		Release|Any CPU = Release|Any CPU
	EndGlobalSection
	GlobalSection(ProjectConfigurationPlatforms) = postSolution
		{C92E96F5-8AAB-4FBF-A9EF-5841981BD53D}.Debug|Any CPU.ActiveCfg = Debug|Any CPU
		{C92E96F5-8AAB-4FBF-A9EF-5841981BD53D}.Debug|Any CPU.Build.0 = Debug|Any CPU
		{C92E96F5-8AAB-4FBF-A9EF-5841981BD53D}.Release|Any CPU.ActiveCfg = Release|Any CPU
		{C92E96F5-8AAB-4FBF-A9EF-5841981BD53D}.Release|Any CPU.Build.0 = Release|Any CPU
		{2FBFC432-1169-49EB-8894-1C58B79903E1}.Debug|Any CPU.ActiveCfg = Debug|Any CPU
		{2FBFC432-1169-49EB-8894-1C58B79903E1}.Debug|Any CPU.Build.0 = Debug|Any CPU
		{2FBFC432-1169-49EB-8894-1C58B79903E1}.Release|Any CPU.ActiveCfg = Release|Any CPU
		{2FBFC432-1169-49EB-8894-1C58B79903E1}.Release|Any CPU.Build.0 = Release|Any CPU
		{02905B30-4E70-4370-B422-EB066E4AA000}.Debug|Any CPU.ActiveCfg = Debug|Any CPU
		{02905B30-4E70-4370-B422-EB066E4AA000}.Debug|Any CPU.Build.0 = Debug|Any CPU
		{02905B30-4E70-4370-B422-EB066E4AA000}.Release|Any CPU.ActiveCfg = Release|Any CPU
		{02905B30-4E70-4370-B422-EB066E4AA000}.Release|Any CPU.Build.0 = Release|Any CPU
	EndGlobalSection
	GlobalSection(SolutionProperties) = preSolution
		HideSolutionNode = FALSE
	EndGlobalSection
	GlobalSection(ExtensibilityGlobals) = postSolution
		SolutionGuid = {95E8F3B3-49E8-400E-97A1-38D8B946DFCA}
	EndGlobalSection
EndGlobal
